// !$*UTF8*$!
{
	archiveVersion = 1;
	classes = {
	};
	objectVersion = 48;
	objects = {

/* Begin PBXBuildFile section */
		10A334D220235ABA0087FEF2 /* AppDelegate.swift in Sources */ = {isa = PBXBuildFile; fileRef = 10A334D120235ABA0087FEF2 /* AppDelegate.swift */; };
		10A334D420235ABA0087FEF2 /* ViewController.swift in Sources */ = {isa = PBXBuildFile; fileRef = 10A334D320235ABA0087FEF2 /* ViewController.swift */; };
		10A334D720235ABA0087FEF2 /* Main.storyboard in Resources */ = {isa = PBXBuildFile; fileRef = 10A334D520235ABA0087FEF2 /* Main.storyboard */; };
		10A334D920235ABA0087FEF2 /* Assets.xcassets in Resources */ = {isa = PBXBuildFile; fileRef = 10A334D820235ABA0087FEF2 /* Assets.xcassets */; };
		10A334DC20235ABA0087FEF2 /* LaunchScreen.storyboard in Resources */ = {isa = PBXBuildFile; fileRef = 10A334DA20235ABA0087FEF2 /* LaunchScreen.storyboard */; };
		10A334E820235CB90087FEF2 /* Product.swift in Sources */ = {isa = PBXBuildFile; fileRef = 10A334E720235CB90087FEF2 /* Product.swift */; };
		10A334EA20235CF10087FEF2 /* ProductCell.swift in Sources */ = {isa = PBXBuildFile; fileRef = 10A334E920235CF10087FEF2 /* ProductCell.swift */; };
		10A334EC20235E980087FEF2 /* AlertService.swift in Sources */ = {isa = PBXBuildFile; fileRef = 10A334EB20235E980087FEF2 /* AlertService.swift */; };
/* End PBXBuildFile section */

/* Begin PBXFileReference section */
		10A334CE20235ABA0087FEF2 /* For Sale.app */ = {isa = PBXFileReference; explicitFileType = wrapper.application; includeInIndex = 0; path = "For Sale.app"; sourceTree = BUILT_PRODUCTS_DIR; };
		10A334D120235ABA0087FEF2 /* AppDelegate.swift */ = {isa = PBXFileReference; lastKnownFileType = sourcecode.swift; path = AppDelegate.swift; sourceTree = "<group>"; };
		10A334D320235ABA0087FEF2 /* ViewController.swift */ = {isa = PBXFileReference; lastKnownFileType = sourcecode.swift; path = ViewController.swift; sourceTree = "<group>"; };
		10A334D620235ABA0087FEF2 /* Base */ = {isa = PBXFileReference; lastKnownFileType = file.storyboard; name = Base; path = Base.lproj/Main.storyboard; sourceTree = "<group>"; };
		10A334D820235ABA0087FEF2 /* Assets.xcassets */ = {isa = PBXFileReference; lastKnownFileType = folder.assetcatalog; path = Assets.xcassets; sourceTree = "<group>"; };
		10A334DB20235ABA0087FEF2 /* Base */ = {isa = PBXFileReference; lastKnownFileType = file.storyboard; name = Base; path = Base.lproj/LaunchScreen.storyboard; sourceTree = "<group>"; };
		10A334DD20235ABA0087FEF2 /* Info.plist */ = {isa = PBXFileReference; lastKnownFileType = text.plist.xml; path = Info.plist; sourceTree = "<group>"; };
		10A334E720235CB90087FEF2 /* Product.swift */ = {isa = PBXFileReference; lastKnownFileType = sourcecode.swift; path = Product.swift; sourceTree = "<group>"; };
		10A334E920235CF10087FEF2 /* ProductCell.swift */ = {isa = PBXFileReference; lastKnownFileType = sourcecode.swift; path = ProductCell.swift; sourceTree = "<group>"; };
		10A334EB20235E980087FEF2 /* AlertService.swift */ = {isa = PBXFileReference; lastKnownFileType = sourcecode.swift; path = AlertService.swift; sourceTree = "<group>"; };
/* End PBXFileReference section */

/* Begin PBXFrameworksBuildPhase section */
		10A334CB20235ABA0087FEF2 /* Frameworks */ = {
			isa = PBXFrameworksBuildPhase;
			buildActionMask = 2147483647;
			files = (
			);
			runOnlyForDeploymentPostprocessing = 0;
		};
/* End PBXFrameworksBuildPhase section */

/* Begin PBXGroup section */
		10A334C520235ABA0087FEF2 = {
			isa = PBXGroup;
			children = (
				10A334D020235ABA0087FEF2 /* For Sale */,
				10A334CF20235ABA0087FEF2 /* Products */,
			);
			sourceTree = "<group>";
		};
		10A334CF20235ABA0087FEF2 /* Products */ = {
			isa = PBXGroup;
			children = (
				10A334CE20235ABA0087FEF2 /* For Sale.app */,
			);
			name = Products;
			sourceTree = "<group>";
		};
		10A334D020235ABA0087FEF2 /* For Sale */ = {
			isa = PBXGroup;
			children = (
				10A334E620235B2E0087FEF2 /* Model */,
				10A334E520235B290087FEF2 /* View */,
				10A334E420235B250087FEF2 /* Controller */,
				10A334E320235B200087FEF2 /* Service */,
				10A334D120235ABA0087FEF2 /* AppDelegate.swift */,
				10A334D520235ABA0087FEF2 /* Main.storyboard */,
				10A334D820235ABA0087FEF2 /* Assets.xcassets */,
				10A334DA20235ABA0087FEF2 /* LaunchScreen.storyboard */,
				10A334DD20235ABA0087FEF2 /* Info.plist */,
			);
			path = "For Sale";
			sourceTree = "<group>";
		};
		10A334E320235B200087FEF2 /* Service */ = {
			isa = PBXGroup;
			children = (
				10A334EB20235E980087FEF2 /* AlertService.swift */,
			);
			path = Service;
			sourceTree = "<group>";
		};
		10A334E420235B250087FEF2 /* Controller */ = {
			isa = PBXGroup;
			children = (
				10A334D320235ABA0087FEF2 /* ViewController.swift */,
			);
			path = Controller;
			sourceTree = "<group>";
		};
		10A334E520235B290087FEF2 /* View */ = {
			isa = PBXGroup;
			children = (
				10A334E920235CF10087FEF2 /* ProductCell.swift */,
			);
			path = View;
			sourceTree = "<group>";
		};
		10A334E620235B2E0087FEF2 /* Model */ = {
			isa = PBXGroup;
			children = (
				10A334E720235CB90087FEF2 /* Product.swift */,
			);
			path = Model;
			sourceTree = "<group>";
		};
/* End PBXGroup section */

/* Begin PBXNativeTarget section */
		10A334CD20235ABA0087FEF2 /* For Sale */ = {
			isa = PBXNativeTarget;
			buildConfigurationList = 10A334E020235ABA0087FEF2 /* Build configuration list for PBXNativeTarget "For Sale" */;
			buildPhases = (
				10A334CA20235ABA0087FEF2 /* Sources */,
				10A334CB20235ABA0087FEF2 /* Frameworks */,
				10A334CC20235ABA0087FEF2 /* Resources */,
			);
			buildRules = (
			);
			dependencies = (
			);
			name = "For Sale";
			productName = "For Sale";
			productReference = 10A334CE20235ABA0087FEF2 /* For Sale.app */;
			productType = "com.apple.product-type.application";
		};
/* End PBXNativeTarget section */

/* Begin PBXProject section */
		10A334C620235ABA0087FEF2 /* Project object */ = {
			isa = PBXProject;
			attributes = {
				LastSwiftUpdateCheck = 0920;
				LastUpgradeCheck = 0920;
				ORGANIZATIONNAME = "Hayden Jamieson";
				TargetAttributes = {
					10A334CD20235ABA0087FEF2 = {
						CreatedOnToolsVersion = 9.2;
						ProvisioningStyle = Automatic;
					};
				};
			};
			buildConfigurationList = 10A334C920235ABA0087FEF2 /* Build configuration list for PBXProject "For Sale" */;
			compatibilityVersion = "Xcode 8.0";
			developmentRegion = en;
			hasScannedForEncodings = 0;
			knownRegions = (
				en,
				Base,
			);
			mainGroup = 10A334C520235ABA0087FEF2;
			productRefGroup = 10A334CF20235ABA0087FEF2 /* Products */;
			projectDirPath = "";
			projectRoot = "";
			targets = (
				10A334CD20235ABA0087FEF2 /* For Sale */,
			);
		};
/* End PBXProject section */

/* Begin PBXResourcesBuildPhase section */
		10A334CC20235ABA0087FEF2 /* Resources */ = {
			isa = PBXResourcesBuildPhase;
			buildActionMask = 2147483647;
			files = (
				10A334DC20235ABA0087FEF2 /* LaunchScreen.storyboard in Resources */,
				10A334D920235ABA0087FEF2 /* Assets.xcassets in Resources */,
				10A334D720235ABA0087FEF2 /* Main.storyboard in Resources */,
			);
			runOnlyForDeploymentPostprocessing = 0;
		};
/* End PBXResourcesBuildPhase section */

/* Begin PBXSourcesBuildPhase section */
		10A334CA20235ABA0087FEF2 /* Sources */ = {
			isa = PBXSourcesBuildPhase;
			buildActionMask = 2147483647;
			files = (
				10A334D420235ABA0087FEF2 /* ViewController.swift in Sources */,
				10A334EA20235CF10087FEF2 /* ProductCell.swift in Sources */,
				10A334D220235ABA0087FEF2 /* AppDelegate.swift in Sources */,
				10A334E820235CB90087FEF2 /* Product.swift in Sources */,
				10A334EC20235E980087FEF2 /* AlertService.swift in Sources */,
			);
			runOnlyForDeploymentPostprocessing = 0;
		};
/* End PBXSourcesBuildPhase section */

/* Begin PBXVariantGroup section */
		10A334D520235ABA0087FEF2 /* Main.storyboard */ = {
			isa = PBXVariantGroup;
			children = (
				10A334D620235ABA0087FEF2 /* Base */,
			);
			name = Main.storyboard;
			sourceTree = "<group>";
		};
		10A334DA20235ABA0087FEF2 /* LaunchScreen.storyboard */ = {
			isa = PBXVariantGroup;
			children = (
				10A334DB20235ABA0087FEF2 /* Base */,
			);
			name = LaunchScreen.storyboard;
			sourceTree = "<group>";
		};
/* End PBXVariantGroup section */

/* Begin XCBuildConfiguration section */
		10A334DE20235ABA0087FEF2 /* Debug */ = {
			isa = XCBuildConfiguration;
			buildSettings = {
				ALWAYS_SEARCH_USER_PATHS = NO;
				CLANG_ANALYZER_NONNULL = YES;
				CLANG_ANALYZER_NUMBER_OBJECT_CONVERSION = YES_AGGRESSIVE;
				CLANG_CXX_LANGUAGE_STANDARD = "gnu++14";
				CLANG_CXX_LIBRARY = "libc++";
				CLANG_ENABLE_MODULES = YES;
				CLANG_ENABLE_OBJC_ARC = YES;
				CLANG_WARN_BLOCK_CAPTURE_AUTORELEASING = YES;
				CLANG_WARN_BOOL_CONVERSION = YES;
				CLANG_WARN_COMMA = YES;
				CLANG_WARN_CONSTANT_CONVERSION = YES;
				CLANG_WARN_DIRECT_OBJC_ISA_USAGE = YES_ERROR;
				CLANG_WARN_DOCUMENTATION_COMMENTS = YES;
				CLANG_WARN_EMPTY_BODY = YES;
				CLANG_WARN_ENUM_CONVERSION = YES;
				CLANG_WARN_INFINITE_RECURSION = YES;
				CLANG_WARN_INT_CONVERSION = YES;
				CLANG_WARN_NON_LITERAL_NULL_CONVERSION = YES;
				CLANG_WARN_OBJC_LITERAL_CONVERSION = YES;
				CLANG_WARN_OBJC_ROOT_CLASS = YES_ERROR;
				CLANG_WARN_RANGE_LOOP_ANALYSIS = YES;
				CLANG_WARN_STRICT_PROTOTYPES = YES;
				CLANG_WARN_SUSPICIOUS_MOVE = YES;
				CLANG_WARN_UNGUARDED_AVAILABILITY = YES_AGGRESSIVE;
				CLANG_WARN_UNREACHABLE_CODE = YES;
				CLANG_WARN__DUPLICATE_METHOD_MATCH = YES;
				CODE_SIGN_IDENTITY = "iPhone Developer";
				COPY_PHASE_STRIP = NO;
				DEBUG_INFORMATION_FORMAT = dwarf;
				ENABLE_STRICT_OBJC_MSGSEND = YES;
				ENABLE_TESTABILITY = YES;
				GCC_C_LANGUAGE_STANDARD = gnu11;
				GCC_DYNAMIC_NO_PIC = NO;
				GCC_NO_COMMON_BLOCKS = YES;
				GCC_OPTIMIZATION_LEVEL = 0;
				GCC_PREPROCESSOR_DEFINITIONS = (
					"DEBUG=1",
					"$(inherited)",
				);
				GCC_WARN_64_TO_32_BIT_CONVERSION = YES;
				GCC_WARN_ABOUT_RETURN_TYPE = YES_ERROR;
				GCC_WARN_UNDECLARED_SELECTOR = YES;
				GCC_WARN_UNINITIALIZED_AUTOS = YES_AGGRESSIVE;
				GCC_WARN_UNUSED_FUNCTION = YES;
				GCC_WARN_UNUSED_VARIABLE = YES;
				IPHONEOS_DEPLOYMENT_TARGET = 11.2;
				MTL_ENABLE_DEBUG_INFO = YES;
				ONLY_ACTIVE_ARCH = YES;
				SDKROOT = iphoneos;
				SWIFT_ACTIVE_COMPILATION_CONDITIONS = DEBUG;
				SWIFT_OPTIMIZATION_LEVEL = "-Onone";
			};
			name = Debug;
		};
		10A334DF20235ABA0087FEF2 /* Release */ = {
			isa = XCBuildConfiguration;
			buildSettings = {
				ALWAYS_SEARCH_USER_PATHS = NO;
				CLANG_ANALYZER_NONNULL = YES;
				CLANG_ANALYZER_NUMBER_OBJECT_CONVERSION = YES_AGGRESSIVE;
				CLANG_CXX_LANGUAGE_STANDARD = "gnu++14";
				CLANG_CXX_LIBRARY = "libc++";
				CLANG_ENABLE_MODULES = YES;
				CLANG_ENABLE_OBJC_ARC = YES;
				CLANG_WARN_BLOCK_CAPTURE_AUTORELEASING = YES;
				CLANG_WARN_BOOL_CONVERSION = YES;
				CLANG_WARN_COMMA = YES;
				CLANG_WARN_CONSTANT_CONVERSION = YES;
				CLANG_WARN_DIRECT_OBJC_ISA_USAGE = YES_ERROR;
				CLANG_WARN_DOCUMENTATION_COMMENTS = YES;
				CLANG_WARN_EMPTY_BODY = YES;
				CLANG_WARN_ENUM_CONVERSION = YES;
				CLANG_WARN_INFINITE_RECURSION = YES;
				CLANG_WARN_INT_CONVERSION = YES;
				CLANG_WARN_NON_LITERAL_NULL_CONVERSION = YES;
				CLANG_WARN_OBJC_LITERAL_CONVERSION = YES;
				CLANG_WARN_OBJC_ROOT_CLASS = YES_ERROR;
				CLANG_WARN_RANGE_LOOP_ANALYSIS = YES;
				CLANG_WARN_STRICT_PROTOTYPES = YES;
				CLANG_WARN_SUSPICIOUS_MOVE = YES;
				CLANG_WARN_UNGUARDED_AVAILABILITY = YES_AGGRESSIVE;
				CLANG_WARN_UNREACHABLE_CODE = YES;
				CLANG_WARN__DUPLICATE_METHOD_MATCH = YES;
				CODE_SIGN_IDENTITY = "iPhone Developer";
				COPY_PHASE_STRIP = NO;
				DEBUG_INFORMATION_FORMAT = "dwarf-with-dsym";
				ENABLE_NS_ASSERTIONS = NO;
				ENABLE_STRICT_OBJC_MSGSEND = YES;
				GCC_C_LANGUAGE_STANDARD = gnu11;
				GCC_NO_COMMON_BLOCKS = YES;
				GCC_WARN_64_TO_32_BIT_CONVERSION = YES;
				GCC_WARN_ABOUT_RETURN_TYPE = YES_ERROR;
				GCC_WARN_UNDECLARED_SELECTOR = YES;
				GCC_WARN_UNINITIALIZED_AUTOS = YES_AGGRESSIVE;
				GCC_WARN_UNUSED_FUNCTION = YES;
				GCC_WARN_UNUSED_VARIABLE = YES;
				IPHONEOS_DEPLOYMENT_TARGET = 11.2;
				MTL_ENABLE_DEBUG_INFO = NO;
				SDKROOT = iphoneos;
				SWIFT_OPTIMIZATION_LEVEL = "-Owholemodule";
				VALIDATE_PRODUCT = YES;
			};
			name = Release;
		};
		10A334E120235ABA0087FEF2 /* Debug */ = {
			isa = XCBuildConfiguration;
			buildSettings = {
				ASSETCATALOG_COMPILER_APPICON_NAME = AppIcon;
				CODE_SIGN_STYLE = Automatic;
				DEVELOPMENT_TEAM = M42D57N49Z;
				INFOPLIST_FILE = "For Sale/Info.plist";
				LD_RUNPATH_SEARCH_PATHS = "$(inherited) @executable_path/Frameworks";
				PRODUCT_BUNDLE_IDENTIFIER = "com.HaydenJamieson.For-Sale";
				PRODUCT_NAME = "$(TARGET_NAME)";
				SWIFT_VERSION = 4.0;
				TARGETED_DEVICE_FAMILY = "1,2";
			};
			name = Debug;
		};
		10A334E220235ABA0087FEF2 /* Release */ = {
			isa = XCBuildConfiguration;
			buildSettings = {
				ASSETCATALOG_COMPILER_APPICON_NAME = AppIcon;
				CODE_SIGN_STYLE = Automatic;
				DEVELOPMENT_TEAM = M42D57N49Z;
				INFOPLIST_FILE = "For Sale/Info.plist";
				LD_RUNPATH_SEARCH_PATHS = "$(inherited) @executable_path/Frameworks";
				PRODUCT_BUNDLE_IDENTIFIER = "com.HaydenJamieson.For-Sale";
				PRODUCT_NAME = "$(TARGET_NAME)";
				SWIFT_VERSION = 4.0;
				TARGETED_DEVICE_FAMILY = "1,2";
			};
			name = Release;
		};
/* End XCBuildConfiguration section */

/* Begin XCConfigurationList section */
		10A334C920235ABA0087FEF2 /* Build configuration list for PBXProject "For Sale" */ = {
			isa = XCConfigurationList;
			buildConfigurations = (
				10A334DE20235ABA0087FEF2 /* Debug */,
				10A334DF20235ABA0087FEF2 /* Release */,
			);
			defaultConfigurationIsVisible = 0;
			defaultConfigurationName = Release;
		};
		10A334E020235ABA0087FEF2 /* Build configuration list for PBXNativeTarget "For Sale" */ = {
			isa = XCConfigurationList;
			buildConfigurations = (
				10A334E120235ABA0087FEF2 /* Debug */,
				10A334E220235ABA0087FEF2 /* Release */,
			);
			defaultConfigurationIsVisible = 0;
			defaultConfigurationName = Release;
		};
/* End XCConfigurationList section */
	};
	rootObject = 10A334C620235ABA0087FEF2 /* Project object */;
}
